
Microsoft Visual Studio Solution File, Format Version 12.00
# Visual Studio Version 17
VisualStudioVersion = 17.0.31903.59
MinimumVisualStudioVersion = 10.0.40219.1
Project("{FAE04EC0-301F-11D3-BF4B-00C04F79EFBC}") = "atividade01", "atividade01\atividade01.csproj", "{BB156AC7-5D1E-477B-905F-D7F09B79F22B}"
EndProject
Project("{FAE04EC0-301F-11D3-BF4B-00C04F79EFBC}") = "atividade02", "atividade02\atividade02.csproj", "{4DE83C67-3DD9-4EA7-94F2-A1CC394DD898}"
EndProject
Project("{FAE04EC0-301F-11D3-BF4B-00C04F79EFBC}") = "atividade03", "atividade03\atividade03.csproj", "{A0C826FF-39C4-48B5-9411-26E635D9AE01}"
EndProject
Project("{FAE04EC0-301F-11D3-BF4B-00C04F79EFBC}") = "atividade04", "atividade04\atividade04.csproj", "{50BCE3A1-2706-4154-8016-00B6D39A2701}"
EndProject
Project("{FAE04EC0-301F-11D3-BF4B-00C04F79EFBC}") = "atividade05", "atividade05\atividade05.csproj", "{7BF4C9BE-E934-4382-AA0F-806A875CFE58}"
EndProject
Project("{FAE04EC0-301F-11D3-BF4B-00C04F79EFBC}") = "atividade06", "atividade06\atividade06.csproj", "{BB97F56F-3978-47AD-8D4E-47B03262BE3A}"
EndProject
Project("{FAE04EC0-301F-11D3-BF4B-00C04F79EFBC}") = "atividade07", "atividade07\atividade07.csproj", "{DE63916C-8F8B-4117-9D4C-56DE4817A75B}"
EndProject
Project("{FAE04EC0-301F-11D3-BF4B-00C04F79EFBC}") = "atividade08", "atividade08\atividade08.csproj", "{7A9A8529-221C-45C2-85CB-C4938ED0B92E}"
EndProject
Project("{FAE04EC0-301F-11D3-BF4B-00C04F79EFBC}") = "atividade09", "atividade09\atividade09.csproj", "{17FB2B69-75D0-4564-AD7B-B7EC3C693313}"
EndProject
Project("{FAE04EC0-301F-11D3-BF4B-00C04F79EFBC}") = "vetor", "vetor\vetor.csproj", "{09469527-EA0B-457E-9F18-09BF6AA19576}"
EndProject
Project("{FAE04EC0-301F-11D3-BF4B-00C04F79EFBC}") = "trabalho", "trabalho\trabalho.csproj", "{FC635526-8BE3-47AC-BCB6-FC553F7113A5}"
EndProject
Project("{FAE04EC0-301F-11D3-BF4B-00C04F79EFBC}") = "sla", "sla\sla.csproj", "{220ED6E2-A621-45A3-B1BC-A1B2B11ED0A4}"
EndProject
Project("{FAE04EC0-301F-11D3-BF4B-00C04F79EFBC}") = "exemplo_aula_0603", "exemplo_aula_0603\exemplo_aula_0603.csproj", "{5772F779-2943-4C53-AF08-3FAA79B90A53}"
EndProject
Project("{FAE04EC0-301F-11D3-BF4B-00C04F79EFBC}") = "exemplo02_aula_0603", "exemplo02_aula_0603\exemplo02_aula_0603.csproj", "{945201A6-EAD6-46CD-AD30-D13341F1650F}"
EndProject
Project("{FAE04EC0-301F-11D3-BF4B-00C04F79EFBC}") = "objetoCsharp", "objetoCsharp\objetoCsharp.csproj", "{71DA7766-748E-48FB-9B79-A955706FD3E0}"
EndProject
Project("{FAE04EC0-301F-11D3-BF4B-00C04F79EFBC}") = "trabalho_aula_13.03", "trabalho_aula_13.03\trabalho_aula_13.03.csproj", "{EB914A4F-9511-4B94-8AC2-2B7B1E6D249E}"
EndProject
Project("{FAE04EC0-301F-11D3-BF4B-00C04F79EFBC}") = "trabalho_aula_13.03_2", "trabalho_aula_13.03_2\trabalho_aula_13.03_2.csproj", "{0FD081BC-C129-4965-8C51-43BC93A59F93}"
EndProject
Project("{FAE04EC0-301F-11D3-BF4B-00C04F79EFBC}") = "trabalho_aula_13.03_3", "trabalho_aula_13.03_3\trabalho_aula_13.03_3.csproj", "{D85CE8AE-A66D-4606-B845-A0A9EBC66F0E}"
EndProject
Project("{FAE04EC0-301F-11D3-BF4B-00C04F79EFBC}") = "trabalho_aula_13.03_4", "trabalho_aula_13.03_4\trabalho_aula_13.03_4.csproj", "{8BDB0DDD-0972-4A37-83B0-8A67A8EE8539}"
EndProject
Global
	GlobalSection(SolutionConfigurationPlatforms) = preSolution
		Debug|Any CPU = Debug|Any CPU
		Debug|x64 = Debug|x64
		Debug|x86 = Debug|x86
		Release|Any CPU = Release|Any CPU
		Release|x64 = Release|x64
		Release|x86 = Release|x86
	EndGlobalSection
	GlobalSection(ProjectConfigurationPlatforms) = postSolution
		{BB156AC7-5D1E-477B-905F-D7F09B79F22B}.Debug|Any CPU.ActiveCfg = Debug|Any CPU
		{BB156AC7-5D1E-477B-905F-D7F09B79F22B}.Debug|Any CPU.Build.0 = Debug|Any CPU
		{BB156AC7-5D1E-477B-905F-D7F09B79F22B}.Debug|x64.ActiveCfg = Debug|Any CPU
		{BB156AC7-5D1E-477B-905F-D7F09B79F22B}.Debug|x64.Build.0 = Debug|Any CPU
		{BB156AC7-5D1E-477B-905F-D7F09B79F22B}.Debug|x86.ActiveCfg = Debug|Any CPU
		{BB156AC7-5D1E-477B-905F-D7F09B79F22B}.Debug|x86.Build.0 = Debug|Any CPU
		{BB156AC7-5D1E-477B-905F-D7F09B79F22B}.Release|Any CPU.ActiveCfg = Release|Any CPU
		{BB156AC7-5D1E-477B-905F-D7F09B79F22B}.Release|Any CPU.Build.0 = Release|Any CPU
		{BB156AC7-5D1E-477B-905F-D7F09B79F22B}.Release|x64.ActiveCfg = Release|Any CPU
		{BB156AC7-5D1E-477B-905F-D7F09B79F22B}.Release|x64.Build.0 = Release|Any CPU
		{BB156AC7-5D1E-477B-905F-D7F09B79F22B}.Release|x86.ActiveCfg = Release|Any CPU
		{BB156AC7-5D1E-477B-905F-D7F09B79F22B}.Release|x86.Build.0 = Release|Any CPU
		{4DE83C67-3DD9-4EA7-94F2-A1CC394DD898}.Debug|Any CPU.ActiveCfg = Debug|Any CPU
		{4DE83C67-3DD9-4EA7-94F2-A1CC394DD898}.Debug|Any CPU.Build.0 = Debug|Any CPU
		{4DE83C67-3DD9-4EA7-94F2-A1CC394DD898}.Debug|x64.ActiveCfg = Debug|Any CPU
		{4DE83C67-3DD9-4EA7-94F2-A1CC394DD898}.Debug|x64.Build.0 = Debug|Any CPU
		{4DE83C67-3DD9-4EA7-94F2-A1CC394DD898}.Debug|x86.ActiveCfg = Debug|Any CPU
		{4DE83C67-3DD9-4EA7-94F2-A1CC394DD898}.Debug|x86.Build.0 = Debug|Any CPU
		{4DE83C67-3DD9-4EA7-94F2-A1CC394DD898}.Release|Any CPU.ActiveCfg = Release|Any CPU
		{4DE83C67-3DD9-4EA7-94F2-A1CC394DD898}.Release|Any CPU.Build.0 = Release|Any CPU
		{4DE83C67-3DD9-4EA7-94F2-A1CC394DD898}.Release|x64.ActiveCfg = Release|Any CPU
		{4DE83C67-3DD9-4EA7-94F2-A1CC394DD898}.Release|x64.Build.0 = Release|Any CPU
		{4DE83C67-3DD9-4EA7-94F2-A1CC394DD898}.Release|x86.ActiveCfg = Release|Any CPU
		{4DE83C67-3DD9-4EA7-94F2-A1CC394DD898}.Release|x86.Build.0 = Release|Any CPU
		{A0C826FF-39C4-48B5-9411-26E635D9AE01}.Debug|Any CPU.ActiveCfg = Debug|Any CPU
		{A0C826FF-39C4-48B5-9411-26E635D9AE01}.Debug|Any CPU.Build.0 = Debug|Any CPU
		{A0C826FF-39C4-48B5-9411-26E635D9AE01}.Debug|x64.ActiveCfg = Debug|Any CPU
		{A0C826FF-39C4-48B5-9411-26E635D9AE01}.Debug|x64.Build.0 = Debug|Any CPU
		{A0C826FF-39C4-48B5-9411-26E635D9AE01}.Debug|x86.ActiveCfg = Debug|Any CPU
		{A0C826FF-39C4-48B5-9411-26E635D9AE01}.Debug|x86.Build.0 = Debug|Any CPU
		{A0C826FF-39C4-48B5-9411-26E635D9AE01}.Release|Any CPU.ActiveCfg = Release|Any CPU
		{A0C826FF-39C4-48B5-9411-26E635D9AE01}.Release|Any CPU.Build.0 = Release|Any CPU
		{A0C826FF-39C4-48B5-9411-26E635D9AE01}.Release|x64.ActiveCfg = Release|Any CPU
		{A0C826FF-39C4-48B5-9411-26E635D9AE01}.Release|x64.Build.0 = Release|Any CPU
		{A0C826FF-39C4-48B5-9411-26E635D9AE01}.Release|x86.ActiveCfg = Release|Any CPU
		{A0C826FF-39C4-48B5-9411-26E635D9AE01}.Release|x86.Build.0 = Release|Any CPU
		{50BCE3A1-2706-4154-8016-00B6D39A2701}.Debug|Any CPU.ActiveCfg = Debug|Any CPU
		{50BCE3A1-2706-4154-8016-00B6D39A2701}.Debug|Any CPU.Build.0 = Debug|Any CPU
		{50BCE3A1-2706-4154-8016-00B6D39A2701}.Debug|x64.ActiveCfg = Debug|Any CPU
		{50BCE3A1-2706-4154-8016-00B6D39A2701}.Debug|x64.Build.0 = Debug|Any CPU
		{50BCE3A1-2706-4154-8016-00B6D39A2701}.Debug|x86.ActiveCfg = Debug|Any CPU
		{50BCE3A1-2706-4154-8016-00B6D39A2701}.Debug|x86.Build.0 = Debug|Any CPU
		{50BCE3A1-2706-4154-8016-00B6D39A2701}.Release|Any CPU.ActiveCfg = Release|Any CPU
		{50BCE3A1-2706-4154-8016-00B6D39A2701}.Release|Any CPU.Build.0 = Release|Any CPU
		{50BCE3A1-2706-4154-8016-00B6D39A2701}.Release|x64.ActiveCfg = Release|Any CPU
		{50BCE3A1-2706-4154-8016-00B6D39A2701}.Release|x64.Build.0 = Release|Any CPU
		{50BCE3A1-2706-4154-8016-00B6D39A2701}.Release|x86.ActiveCfg = Release|Any CPU
		{50BCE3A1-2706-4154-8016-00B6D39A2701}.Release|x86.Build.0 = Release|Any CPU
		{7BF4C9BE-E934-4382-AA0F-806A875CFE58}.Debug|Any CPU.ActiveCfg = Debug|Any CPU
		{7BF4C9BE-E934-4382-AA0F-806A875CFE58}.Debug|Any CPU.Build.0 = Debug|Any CPU
		{7BF4C9BE-E934-4382-AA0F-806A875CFE58}.Debug|x64.ActiveCfg = Debug|Any CPU
		{7BF4C9BE-E934-4382-AA0F-806A875CFE58}.Debug|x64.Build.0 = Debug|Any CPU
		{7BF4C9BE-E934-4382-AA0F-806A875CFE58}.Debug|x86.ActiveCfg = Debug|Any CPU
		{7BF4C9BE-E934-4382-AA0F-806A875CFE58}.Debug|x86.Build.0 = Debug|Any CPU
		{7BF4C9BE-E934-4382-AA0F-806A875CFE58}.Release|Any CPU.ActiveCfg = Release|Any CPU
		{7BF4C9BE-E934-4382-AA0F-806A875CFE58}.Release|Any CPU.Build.0 = Release|Any CPU
		{7BF4C9BE-E934-4382-AA0F-806A875CFE58}.Release|x64.ActiveCfg = Release|Any CPU
		{7BF4C9BE-E934-4382-AA0F-806A875CFE58}.Release|x64.Build.0 = Release|Any CPU
		{7BF4C9BE-E934-4382-AA0F-806A875CFE58}.Release|x86.ActiveCfg = Release|Any CPU
		{7BF4C9BE-E934-4382-AA0F-806A875CFE58}.Release|x86.Build.0 = Release|Any CPU
		{BB97F56F-3978-47AD-8D4E-47B03262BE3A}.Debug|Any CPU.ActiveCfg = Debug|Any CPU
		{BB97F56F-3978-47AD-8D4E-47B03262BE3A}.Debug|Any CPU.Build.0 = Debug|Any CPU
		{BB97F56F-3978-47AD-8D4E-47B03262BE3A}.Debug|x64.ActiveCfg = Debug|Any CPU
		{BB97F56F-3978-47AD-8D4E-47B03262BE3A}.Debug|x64.Build.0 = Debug|Any CPU
		{BB97F56F-3978-47AD-8D4E-47B03262BE3A}.Debug|x86.ActiveCfg = Debug|Any CPU
		{BB97F56F-3978-47AD-8D4E-47B03262BE3A}.Debug|x86.Build.0 = Debug|Any CPU
		{BB97F56F-3978-47AD-8D4E-47B03262BE3A}.Release|Any CPU.ActiveCfg = Release|Any CPU
		{BB97F56F-3978-47AD-8D4E-47B03262BE3A}.Release|Any CPU.Build.0 = Release|Any CPU
		{BB97F56F-3978-47AD-8D4E-47B03262BE3A}.Release|x64.ActiveCfg = Release|Any CPU
		{BB97F56F-3978-47AD-8D4E-47B03262BE3A}.Release|x64.Build.0 = Release|Any CPU
		{BB97F56F-3978-47AD-8D4E-47B03262BE3A}.Release|x86.ActiveCfg = Release|Any CPU
		{BB97F56F-3978-47AD-8D4E-47B03262BE3A}.Release|x86.Build.0 = Release|Any CPU
		{DE63916C-8F8B-4117-9D4C-56DE4817A75B}.Debug|Any CPU.ActiveCfg = Debug|Any CPU
		{DE63916C-8F8B-4117-9D4C-56DE4817A75B}.Debug|Any CPU.Build.0 = Debug|Any CPU
		{DE63916C-8F8B-4117-9D4C-56DE4817A75B}.Debug|x64.ActiveCfg = Debug|Any CPU
		{DE63916C-8F8B-4117-9D4C-56DE4817A75B}.Debug|x64.Build.0 = Debug|Any CPU
		{DE63916C-8F8B-4117-9D4C-56DE4817A75B}.Debug|x86.ActiveCfg = Debug|Any CPU
		{DE63916C-8F8B-4117-9D4C-56DE4817A75B}.Debug|x86.Build.0 = Debug|Any CPU
		{DE63916C-8F8B-4117-9D4C-56DE4817A75B}.Release|Any CPU.ActiveCfg = Release|Any CPU
		{DE63916C-8F8B-4117-9D4C-56DE4817A75B}.Release|Any CPU.Build.0 = Release|Any CPU
		{DE63916C-8F8B-4117-9D4C-56DE4817A75B}.Release|x64.ActiveCfg = Release|Any CPU
		{DE63916C-8F8B-4117-9D4C-56DE4817A75B}.Release|x64.Build.0 = Release|Any CPU
		{DE63916C-8F8B-4117-9D4C-56DE4817A75B}.Release|x86.ActiveCfg = Release|Any CPU
		{DE63916C-8F8B-4117-9D4C-56DE4817A75B}.Release|x86.Build.0 = Release|Any CPU
		{7A9A8529-221C-45C2-85CB-C4938ED0B92E}.Debug|Any CPU.ActiveCfg = Debug|Any CPU
		{7A9A8529-221C-45C2-85CB-C4938ED0B92E}.Debug|Any CPU.Build.0 = Debug|Any CPU
		{7A9A8529-221C-45C2-85CB-C4938ED0B92E}.Debug|x64.ActiveCfg = Debug|Any CPU
		{7A9A8529-221C-45C2-85CB-C4938ED0B92E}.Debug|x64.Build.0 = Debug|Any CPU
		{7A9A8529-221C-45C2-85CB-C4938ED0B92E}.Debug|x86.ActiveCfg = Debug|Any CPU
		{7A9A8529-221C-45C2-85CB-C4938ED0B92E}.Debug|x86.Build.0 = Debug|Any CPU
		{7A9A8529-221C-45C2-85CB-C4938ED0B92E}.Release|Any CPU.ActiveCfg = Release|Any CPU
		{7A9A8529-221C-45C2-85CB-C4938ED0B92E}.Release|Any CPU.Build.0 = Release|Any CPU
		{7A9A8529-221C-45C2-85CB-C4938ED0B92E}.Release|x64.ActiveCfg = Release|Any CPU
		{7A9A8529-221C-45C2-85CB-C4938ED0B92E}.Release|x64.Build.0 = Release|Any CPU
		{7A9A8529-221C-45C2-85CB-C4938ED0B92E}.Release|x86.ActiveCfg = Release|Any CPU
		{7A9A8529-221C-45C2-85CB-C4938ED0B92E}.Release|x86.Build.0 = Release|Any CPU
		{17FB2B69-75D0-4564-AD7B-B7EC3C693313}.Debug|Any CPU.ActiveCfg = Debug|Any CPU
		{17FB2B69-75D0-4564-AD7B-B7EC3C693313}.Debug|Any CPU.Build.0 = Debug|Any CPU
		{17FB2B69-75D0-4564-AD7B-B7EC3C693313}.Debug|x64.ActiveCfg = Debug|Any CPU
		{17FB2B69-75D0-4564-AD7B-B7EC3C693313}.Debug|x64.Build.0 = Debug|Any CPU
		{17FB2B69-75D0-4564-AD7B-B7EC3C693313}.Debug|x86.ActiveCfg = Debug|Any CPU
		{17FB2B69-75D0-4564-AD7B-B7EC3C693313}.Debug|x86.Build.0 = Debug|Any CPU
		{17FB2B69-75D0-4564-AD7B-B7EC3C693313}.Release|Any CPU.ActiveCfg = Release|Any CPU
		{17FB2B69-75D0-4564-AD7B-B7EC3C693313}.Release|Any CPU.Build.0 = Release|Any CPU
		{17FB2B69-75D0-4564-AD7B-B7EC3C693313}.Release|x64.ActiveCfg = Release|Any CPU
		{17FB2B69-75D0-4564-AD7B-B7EC3C693313}.Release|x64.Build.0 = Release|Any CPU
		{17FB2B69-75D0-4564-AD7B-B7EC3C693313}.Release|x86.ActiveCfg = Release|Any CPU
		{17FB2B69-75D0-4564-AD7B-B7EC3C693313}.Release|x86.Build.0 = Release|Any CPU
		{09469527-EA0B-457E-9F18-09BF6AA19576}.Debug|Any CPU.ActiveCfg = Debug|Any CPU
		{09469527-EA0B-457E-9F18-09BF6AA19576}.Debug|Any CPU.Build.0 = Debug|Any CPU
		{09469527-EA0B-457E-9F18-09BF6AA19576}.Debug|x64.ActiveCfg = Debug|Any CPU
		{09469527-EA0B-457E-9F18-09BF6AA19576}.Debug|x64.Build.0 = Debug|Any CPU
		{09469527-EA0B-457E-9F18-09BF6AA19576}.Debug|x86.ActiveCfg = Debug|Any CPU
		{09469527-EA0B-457E-9F18-09BF6AA19576}.Debug|x86.Build.0 = Debug|Any CPU
		{09469527-EA0B-457E-9F18-09BF6AA19576}.Release|Any CPU.ActiveCfg = Release|Any CPU
		{09469527-EA0B-457E-9F18-09BF6AA19576}.Release|Any CPU.Build.0 = Release|Any CPU
		{09469527-EA0B-457E-9F18-09BF6AA19576}.Release|x64.ActiveCfg = Release|Any CPU
		{09469527-EA0B-457E-9F18-09BF6AA19576}.Release|x64.Build.0 = Release|Any CPU
		{09469527-EA0B-457E-9F18-09BF6AA19576}.Release|x86.ActiveCfg = Release|Any CPU
		{09469527-EA0B-457E-9F18-09BF6AA19576}.Release|x86.Build.0 = Release|Any CPU
		{FC635526-8BE3-47AC-BCB6-FC553F7113A5}.Debug|Any CPU.ActiveCfg = Debug|Any CPU
		{FC635526-8BE3-47AC-BCB6-FC553F7113A5}.Debug|Any CPU.Build.0 = Debug|Any CPU
		{FC635526-8BE3-47AC-BCB6-FC553F7113A5}.Debug|x64.ActiveCfg = Debug|Any CPU
		{FC635526-8BE3-47AC-BCB6-FC553F7113A5}.Debug|x64.Build.0 = Debug|Any CPU
		{FC635526-8BE3-47AC-BCB6-FC553F7113A5}.Debug|x86.ActiveCfg = Debug|Any CPU
		{FC635526-8BE3-47AC-BCB6-FC553F7113A5}.Debug|x86.Build.0 = Debug|Any CPU
		{FC635526-8BE3-47AC-BCB6-FC553F7113A5}.Release|Any CPU.ActiveCfg = Release|Any CPU
		{FC635526-8BE3-47AC-BCB6-FC553F7113A5}.Release|Any CPU.Build.0 = Release|Any CPU
		{FC635526-8BE3-47AC-BCB6-FC553F7113A5}.Release|x64.ActiveCfg = Release|Any CPU
		{FC635526-8BE3-47AC-BCB6-FC553F7113A5}.Release|x64.Build.0 = Release|Any CPU
		{FC635526-8BE3-47AC-BCB6-FC553F7113A5}.Release|x86.ActiveCfg = Release|Any CPU
		{FC635526-8BE3-47AC-BCB6-FC553F7113A5}.Release|x86.Build.0 = Release|Any CPU
		{220ED6E2-A621-45A3-B1BC-A1B2B11ED0A4}.Debug|Any CPU.ActiveCfg = Debug|Any CPU
		{220ED6E2-A621-45A3-B1BC-A1B2B11ED0A4}.Debug|Any CPU.Build.0 = Debug|Any CPU
		{220ED6E2-A621-45A3-B1BC-A1B2B11ED0A4}.Debug|x64.ActiveCfg = Debug|Any CPU
		{220ED6E2-A621-45A3-B1BC-A1B2B11ED0A4}.Debug|x64.Build.0 = Debug|Any CPU
		{220ED6E2-A621-45A3-B1BC-A1B2B11ED0A4}.Debug|x86.ActiveCfg = Debug|Any CPU
		{220ED6E2-A621-45A3-B1BC-A1B2B11ED0A4}.Debug|x86.Build.0 = Debug|Any CPU
		{220ED6E2-A621-45A3-B1BC-A1B2B11ED0A4}.Release|Any CPU.ActiveCfg = Release|Any CPU
		{220ED6E2-A621-45A3-B1BC-A1B2B11ED0A4}.Release|Any CPU.Build.0 = Release|Any CPU
		{220ED6E2-A621-45A3-B1BC-A1B2B11ED0A4}.Release|x64.ActiveCfg = Release|Any CPU
		{220ED6E2-A621-45A3-B1BC-A1B2B11ED0A4}.Release|x64.Build.0 = Release|Any CPU
		{220ED6E2-A621-45A3-B1BC-A1B2B11ED0A4}.Release|x86.ActiveCfg = Release|Any CPU
		{220ED6E2-A621-45A3-B1BC-A1B2B11ED0A4}.Release|x86.Build.0 = Release|Any CPU
		{5772F779-2943-4C53-AF08-3FAA79B90A53}.Debug|Any CPU.ActiveCfg = Debug|Any CPU
		{5772F779-2943-4C53-AF08-3FAA79B90A53}.Debug|Any CPU.Build.0 = Debug|Any CPU
		{5772F779-2943-4C53-AF08-3FAA79B90A53}.Debug|x64.ActiveCfg = Debug|Any CPU
		{5772F779-2943-4C53-AF08-3FAA79B90A53}.Debug|x64.Build.0 = Debug|Any CPU
		{5772F779-2943-4C53-AF08-3FAA79B90A53}.Debug|x86.ActiveCfg = Debug|Any CPU
		{5772F779-2943-4C53-AF08-3FAA79B90A53}.Debug|x86.Build.0 = Debug|Any CPU
		{5772F779-2943-4C53-AF08-3FAA79B90A53}.Release|Any CPU.ActiveCfg = Release|Any CPU
		{5772F779-2943-4C53-AF08-3FAA79B90A53}.Release|Any CPU.Build.0 = Release|Any CPU
		{5772F779-2943-4C53-AF08-3FAA79B90A53}.Release|x64.ActiveCfg = Release|Any CPU
		{5772F779-2943-4C53-AF08-3FAA79B90A53}.Release|x64.Build.0 = Release|Any CPU
		{5772F779-2943-4C53-AF08-3FAA79B90A53}.Release|x86.ActiveCfg = Release|Any CPU
		{5772F779-2943-4C53-AF08-3FAA79B90A53}.Release|x86.Build.0 = Release|Any CPU
		{945201A6-EAD6-46CD-AD30-D13341F1650F}.Debug|Any CPU.ActiveCfg = Debug|Any CPU
		{945201A6-EAD6-46CD-AD30-D13341F1650F}.Debug|Any CPU.Build.0 = Debug|Any CPU
		{945201A6-EAD6-46CD-AD30-D13341F1650F}.Debug|x64.ActiveCfg = Debug|Any CPU
		{945201A6-EAD6-46CD-AD30-D13341F1650F}.Debug|x64.Build.0 = Debug|Any CPU
		{945201A6-EAD6-46CD-AD30-D13341F1650F}.Debug|x86.ActiveCfg = Debug|Any CPU
		{945201A6-EAD6-46CD-AD30-D13341F1650F}.Debug|x86.Build.0 = Debug|Any CPU
		{945201A6-EAD6-46CD-AD30-D13341F1650F}.Release|Any CPU.ActiveCfg = Release|Any CPU
		{945201A6-EAD6-46CD-AD30-D13341F1650F}.Release|Any CPU.Build.0 = Release|Any CPU
		{945201A6-EAD6-46CD-AD30-D13341F1650F}.Release|x64.ActiveCfg = Release|Any CPU
		{945201A6-EAD6-46CD-AD30-D13341F1650F}.Release|x64.Build.0 = Release|Any CPU
		{945201A6-EAD6-46CD-AD30-D13341F1650F}.Release|x86.ActiveCfg = Release|Any CPU
		{945201A6-EAD6-46CD-AD30-D13341F1650F}.Release|x86.Build.0 = Release|Any CPU
		{71DA7766-748E-48FB-9B79-A955706FD3E0}.Debug|Any CPU.ActiveCfg = Debug|Any CPU
		{71DA7766-748E-48FB-9B79-A955706FD3E0}.Debug|Any CPU.Build.0 = Debug|Any CPU
		{71DA7766-748E-48FB-9B79-A955706FD3E0}.Debug|x64.ActiveCfg = Debug|Any CPU
		{71DA7766-748E-48FB-9B79-A955706FD3E0}.Debug|x64.Build.0 = Debug|Any CPU
		{71DA7766-748E-48FB-9B79-A955706FD3E0}.Debug|x86.ActiveCfg = Debug|Any CPU
		{71DA7766-748E-48FB-9B79-A955706FD3E0}.Debug|x86.Build.0 = Debug|Any CPU
		{71DA7766-748E-48FB-9B79-A955706FD3E0}.Release|Any CPU.ActiveCfg = Release|Any CPU
		{71DA7766-748E-48FB-9B79-A955706FD3E0}.Release|Any CPU.Build.0 = Release|Any CPU
		{71DA7766-748E-48FB-9B79-A955706FD3E0}.Release|x64.ActiveCfg = Release|Any CPU
		{71DA7766-748E-48FB-9B79-A955706FD3E0}.Release|x64.Build.0 = Release|Any CPU
		{71DA7766-748E-48FB-9B79-A955706FD3E0}.Release|x86.ActiveCfg = Release|Any CPU
		{71DA7766-748E-48FB-9B79-A955706FD3E0}.Release|x86.Build.0 = Release|Any CPU
		{EB914A4F-9511-4B94-8AC2-2B7B1E6D249E}.Debug|Any CPU.ActiveCfg = Debug|Any CPU
		{EB914A4F-9511-4B94-8AC2-2B7B1E6D249E}.Debug|Any CPU.Build.0 = Debug|Any CPU
		{EB914A4F-9511-4B94-8AC2-2B7B1E6D249E}.Debug|x64.ActiveCfg = Debug|Any CPU
		{EB914A4F-9511-4B94-8AC2-2B7B1E6D249E}.Debug|x64.Build.0 = Debug|Any CPU
		{EB914A4F-9511-4B94-8AC2-2B7B1E6D249E}.Debug|x86.ActiveCfg = Debug|Any CPU
		{EB914A4F-9511-4B94-8AC2-2B7B1E6D249E}.Debug|x86.Build.0 = Debug|Any CPU
		{EB914A4F-9511-4B94-8AC2-2B7B1E6D249E}.Release|Any CPU.ActiveCfg = Release|Any CPU
		{EB914A4F-9511-4B94-8AC2-2B7B1E6D249E}.Release|Any CPU.Build.0 = Release|Any CPU
		{EB914A4F-9511-4B94-8AC2-2B7B1E6D249E}.Release|x64.ActiveCfg = Release|Any CPU
		{EB914A4F-9511-4B94-8AC2-2B7B1E6D249E}.Release|x64.Build.0 = Release|Any CPU
		{EB914A4F-9511-4B94-8AC2-2B7B1E6D249E}.Release|x86.ActiveCfg = Release|Any CPU
		{EB914A4F-9511-4B94-8AC2-2B7B1E6D249E}.Release|x86.Build.0 = Release|Any CPU
		{0FD081BC-C129-4965-8C51-43BC93A59F93}.Debug|Any CPU.ActiveCfg = Debug|Any CPU
		{0FD081BC-C129-4965-8C51-43BC93A59F93}.Debug|Any CPU.Build.0 = Debug|Any CPU
		{0FD081BC-C129-4965-8C51-43BC93A59F93}.Debug|x64.ActiveCfg = Debug|Any CPU
		{0FD081BC-C129-4965-8C51-43BC93A59F93}.Debug|x64.Build.0 = Debug|Any CPU
		{0FD081BC-C129-4965-8C51-43BC93A59F93}.Debug|x86.ActiveCfg = Debug|Any CPU
		{0FD081BC-C129-4965-8C51-43BC93A59F93}.Debug|x86.Build.0 = Debug|Any CPU
		{0FD081BC-C129-4965-8C51-43BC93A59F93}.Release|Any CPU.ActiveCfg = Release|Any CPU
		{0FD081BC-C129-4965-8C51-43BC93A59F93}.Release|Any CPU.Build.0 = Release|Any CPU
		{0FD081BC-C129-4965-8C51-43BC93A59F93}.Release|x64.ActiveCfg = Release|Any CPU
		{0FD081BC-C129-4965-8C51-43BC93A59F93}.Release|x64.Build.0 = Release|Any CPU
		{0FD081BC-C129-4965-8C51-43BC93A59F93}.Release|x86.ActiveCfg = Release|Any CPU
		{0FD081BC-C129-4965-8C51-43BC93A59F93}.Release|x86.Build.0 = Release|Any CPU
		{D85CE8AE-A66D-4606-B845-A0A9EBC66F0E}.Debug|Any CPU.ActiveCfg = Debug|Any CPU
		{D85CE8AE-A66D-4606-B845-A0A9EBC66F0E}.Debug|Any CPU.Build.0 = Debug|Any CPU
		{D85CE8AE-A66D-4606-B845-A0A9EBC66F0E}.Debug|x64.ActiveCfg = Debug|Any CPU
		{D85CE8AE-A66D-4606-B845-A0A9EBC66F0E}.Debug|x64.Build.0 = Debug|Any CPU
		{D85CE8AE-A66D-4606-B845-A0A9EBC66F0E}.Debug|x86.ActiveCfg = Debug|Any CPU
		{D85CE8AE-A66D-4606-B845-A0A9EBC66F0E}.Debug|x86.Build.0 = Debug|Any CPU
		{D85CE8AE-A66D-4606-B845-A0A9EBC66F0E}.Release|Any CPU.ActiveCfg = Release|Any CPU
		{D85CE8AE-A66D-4606-B845-A0A9EBC66F0E}.Release|Any CPU.Build.0 = Release|Any CPU
		{D85CE8AE-A66D-4606-B845-A0A9EBC66F0E}.Release|x64.ActiveCfg = Release|Any CPU
		{D85CE8AE-A66D-4606-B845-A0A9EBC66F0E}.Release|x64.Build.0 = Release|Any CPU
		{D85CE8AE-A66D-4606-B845-A0A9EBC66F0E}.Release|x86.ActiveCfg = Release|Any CPU
		{D85CE8AE-A66D-4606-B845-A0A9EBC66F0E}.Release|x86.Build.0 = Release|Any CPU
		{8BDB0DDD-0972-4A37-83B0-8A67A8EE8539}.Debug|Any CPU.ActiveCfg = Debug|Any CPU
		{8BDB0DDD-0972-4A37-83B0-8A67A8EE8539}.Debug|Any CPU.Build.0 = Debug|Any CPU
		{8BDB0DDD-0972-4A37-83B0-8A67A8EE8539}.Debug|x64.ActiveCfg = Debug|Any CPU
		{8BDB0DDD-0972-4A37-83B0-8A67A8EE8539}.Debug|x64.Build.0 = Debug|Any CPU
		{8BDB0DDD-0972-4A37-83B0-8A67A8EE8539}.Debug|x86.ActiveCfg = Debug|Any CPU
		{8BDB0DDD-0972-4A37-83B0-8A67A8EE8539}.Debug|x86.Build.0 = Debug|Any CPU
		{8BDB0DDD-0972-4A37-83B0-8A67A8EE8539}.Release|Any CPU.ActiveCfg = Release|Any CPU
		{8BDB0DDD-0972-4A37-83B0-8A67A8EE8539}.Release|Any CPU.Build.0 = Release|Any CPU
		{8BDB0DDD-0972-4A37-83B0-8A67A8EE8539}.Release|x64.ActiveCfg = Release|Any CPU
		{8BDB0DDD-0972-4A37-83B0-8A67A8EE8539}.Release|x64.Build.0 = Release|Any CPU
		{8BDB0DDD-0972-4A37-83B0-8A67A8EE8539}.Release|x86.ActiveCfg = Release|Any CPU
		{8BDB0DDD-0972-4A37-83B0-8A67A8EE8539}.Release|x86.Build.0 = Release|Any CPU
	EndGlobalSection
	GlobalSection(SolutionProperties) = preSolution
		HideSolutionNode = FALSE
	EndGlobalSection
EndGlobal
